<?xml version="1.0" encoding="utf-8"?>
<Project ToolsVersion="4.0" xmlns="http://schemas.microsoft.com/developer/msbuild/2003">
  <ItemGroup>
    <ClInclude Include="Client.h">
      <Filter>98.Default</Filter>
    </ClInclude>
    <ClInclude Include="Resource.h">
      <Filter>98.Default</Filter>
    </ClInclude>
    <ClInclude Include="stdafx.h">
      <Filter>98.Default</Filter>
    </ClInclude>
    <ClInclude Include="targetver.h">
      <Filter>98.Default</Filter>
    </ClInclude>
    <ClInclude Include="..\Public\MainApp.h">
      <Filter>00.MainApp</Filter>
    </ClInclude>
    <ClInclude Include="..\Public\Client_Defines.h">
      <Filter>99.Defines</Filter>
    </ClInclude>
    <ClInclude Include="..\Public\Level_GamePlay.h">
      <Filter>01.Level\98. GamePlay</Filter>
    </ClInclude>
    <ClInclude Include="..\Public\Level_Logo.h">
      <Filter>01.Level\01. Logo</Filter>
    </ClInclude>
    <ClInclude Include="..\Public\Loader.h">
      <Filter>01.Level\00. Loading\Loader</Filter>
    </ClInclude>
    <ClInclude Include="..\public\BackGround.h">
      <Filter>02.GameObject\00. BackGround</Filter>
    </ClInclude>
    <ClInclude Include="..\Public\imgui_impl_dx11.h">
      <Filter>96.Imgui\Imgui</Filter>
    </ClInclude>
    <ClInclude Include="..\Public\imgui_impl_win32.h">
      <Filter>96.Imgui\Imgui</Filter>
    </ClInclude>
    <ClInclude Include="..\Public\imgui_internal.h">
      <Filter>96.Imgui\Imgui</Filter>
    </ClInclude>
    <ClInclude Include="..\Public\imstb_rectpack.h">
      <Filter>96.Imgui\Imgui</Filter>
    </ClInclude>
    <ClInclude Include="..\Public\imstb_textedit.h">
      <Filter>96.Imgui\Imgui</Filter>
    </ClInclude>
    <ClInclude Include="..\Public\imstb_truetype.h">
      <Filter>96.Imgui\Imgui</Filter>
    </ClInclude>
    <ClInclude Include="..\Public\imconfig.h">
      <Filter>96.Imgui\Imgui</Filter>
    </ClInclude>
    <ClInclude Include="..\Public\imgui.h">
      <Filter>96.Imgui\Imgui</Filter>
    </ClInclude>
    <ClInclude Include="..\Public\ImguiMgr.h">
      <Filter>96.Imgui\ImguiMgr</Filter>
    </ClInclude>
    <ClInclude Include="..\Public\TestObject_Test.h">
      <Filter>02.GameObject\99. TestObject</Filter>
    </ClInclude>
    <ClInclude Include="..\Public\Transform_Utils.h">
      <Filter>97.Utils</Filter>
    </ClInclude>
    <ClInclude Include="..\Public\Terrain.h">
      <Filter>02.GameObject\02. Terrain</Filter>
    </ClInclude>
    <ClInclude Include="..\Public\Camera_Free.h">
      <Filter>02.GameObject\01. Camera</Filter>
    </ClInclude>
    <ClInclude Include="..\Public\UI_TestDialog.h">
      <Filter>02.GameObject\03. UI\01. Dialog</Filter>
    </ClInclude>
    <ClInclude Include="..\Public\UI_TestDialogButton.h">
      <Filter>02.GameObject\03. UI\01. Dialog\DialogButton</Filter>
    </ClInclude>
    <ClInclude Include="..\Public\Level_MapTool.h">
      <Filter>01.Level\99. MapTool</Filter>
    </ClInclude>
    <ClInclude Include="..\Public\TestObject_Model_Haruka.h">
      <Filter>02.GameObject\99. TestObject\Model\Haruka</Filter>
    </ClInclude>
    <ClInclude Include="..\Public\MapProp.h">
      <Filter>02.GameObject\04. Prop</Filter>
    </ClInclude>
    <ClInclude Include="..\Public\StateBase.h">
      <Filter>04. State</Filter>
    </ClInclude>
    <ClInclude Include="..\Public\StateMachineBase.h">
      <Filter>04. State\StateMachine</Filter>
    </ClInclude>
    <ClInclude Include="..\Public\Student.h">
      <Filter>02.GameObject\05. Actor\Student</Filter>
    </ClInclude>
    <ClInclude Include="..\Public\Sky.h">
      <Filter>05.Sky</Filter>
    </ClInclude>
    <ClInclude Include="..\Public\Camera_Event.h">
      <Filter>02.GameObject\01. Camera\Camera_Event</Filter>
    </ClInclude>
    <ClInclude Include="..\Public\Level_Formation.h">
      <Filter>01.Level\06. Formation</Filter>
    </ClInclude>
    <ClInclude Include="..\Public\Camera_Formation.h">
      <Filter>02.GameObject\01. Camera\Camera_Formation</Filter>
    </ClInclude>
    <ClInclude Include="..\Public\State_Student_Formation_Idle.h">
      <Filter>04. State\Student\Formation</Filter>
    </ClInclude>
    <ClInclude Include="..\Public\State_Student_Formation_Pickup.h">
      <Filter>04. State\Student\Formation</Filter>
    </ClInclude>
    <ClInclude Include="..\Public\Json_Utility.h">
      <Filter>97.Utils\Json</Filter>
    </ClInclude>
    <ClInclude Include="..\Public\UI_LevelMoveButton.h">
      <Filter>02.GameObject\03. UI\02. UI_Button\01. LevelMoveButton</Filter>
    </ClInclude>
    <ClInclude Include="..\..\ShaderFiles\Client_Shader_Defines.hpp">
      <Filter>03.ShaderFiles</Filter>
    </ClInclude>
    <ClInclude Include="..\Public\UserData.h">
      <Filter>06. User</Filter>
    </ClInclude>
    <ClInclude Include="..\Public\State_Student_Default.h">
      <Filter>04. State\DefaultState</Filter>
    </ClInclude>
    <ClInclude Include="..\Public\Level_Lobby.h">
      <Filter>01.Level\02. Lobby</Filter>
    </ClInclude>
    <ClInclude Include="..\Public\UI_Text.h">
      <Filter>02.GameObject\03. UI\03. UI_Text</Filter>
    </ClInclude>
    <ClInclude Include="..\Public\Level_Cafe.h">
      <Filter>01.Level\03. Cafe</Filter>
    </ClInclude>
    <ClInclude Include="..\Public\Level_Schedule.h">
      <Filter>01.Level\04. Schedule</Filter>
    </ClInclude>
    <ClInclude Include="..\Public\Level_Students.h">
      <Filter>01.Level\05. Students</Filter>
    </ClInclude>
    <ClInclude Include="..\Public\Level_Circle.h">
      <Filter>01.Level\07. Circle</Filter>
    </ClInclude>
    <ClInclude Include="..\Public\Level_Manufacture.h">
      <Filter>01.Level\08. Manufacture</Filter>
    </ClInclude>
    <ClInclude Include="..\Public\Level_Shop.h">
      <Filter>01.Level\09. Shop</Filter>
    </ClInclude>
    <ClInclude Include="..\Public\Level_Work.h">
      <Filter>01.Level\11. Work</Filter>
    </ClInclude>
    <ClInclude Include="..\Public\Level_Gacha.h">
      <Filter>01.Level\10. Gacha</Filter>
    </ClInclude>
    <ClInclude Include="..\Public\Memorial_Haruka_Start.h">
      <Filter>02.GameObject\08. MemorialLobby\01. Haruka</Filter>
    </ClInclude>
    <ClInclude Include="..\Public\Memorial_Haruka_Idle.h">
      <Filter>02.GameObject\08. MemorialLobby\01. Haruka</Filter>
    </ClInclude>
    <ClInclude Include="..\Public\Level_Loading.h">
      <Filter>01.Level\00. Loading</Filter>
    </ClInclude>
    <ClInclude Include="..\Public\Level_Loading_Start.h">
      <Filter>01.Level\00. Loading</Filter>
    </ClInclude>
    <ClInclude Include="..\Public\Loader_Start.h">
      <Filter>01.Level\00. Loading\Loader</Filter>
    </ClInclude>
    <ClInclude Include="..\Public\Start_illust.h">
      <Filter>02.GameObject\09. Start_illust</Filter>
    </ClInclude>
    <ClInclude Include="..\Public\Actor.h">
      <Filter>02.GameObject\05. Actor</Filter>
    </ClInclude>
    <ClInclude Include="..\Public\Camera_Stage.h">
      <Filter>02.GameObject\01. Camera</Filter>
    </ClInclude>
    <ClInclude Include="..\Public\State_Student_Ex.h">
      <Filter>04. State\Student\EX</Filter>
    </ClInclude>
    <ClInclude Include="..\Public\Stage.h">
      <Filter>02.GameObject</Filter>
    </ClInclude>
    <ClInclude Include="..\Public\Enemy.h">
      <Filter>02.GameObject\05. Actor\Enemy</Filter>
    </ClInclude>
    <ClInclude Include="..\Public\State_Idle.h">
      <Filter>04. State\Idle</Filter>
    </ClInclude>
    <ClInclude Include="..\Public\State_Run.h">
      <Filter>04. State\Run</Filter>
    </ClInclude>
    <ClInclude Include="..\Public\Baricade.h">
      <Filter>02.GameObject\12. Baricade</Filter>
    </ClInclude>
    <ClInclude Include="..\Public\UI_Progress.h">
      <Filter>02.GameObject\03. UI\04.Progress</Filter>
    </ClInclude>
    <ClInclude Include="..\Public\State_Student_Run.h">
      <Filter>04. State\Student\Run</Filter>
    </ClInclude>
    <ClInclude Include="..\Public\State_Student_Jump.h">
      <Filter>04. State\Student\Jump</Filter>
    </ClInclude>
    <ClInclude Include="..\Public\Actor.h">
      <Filter>02.GameObject\05. Actor</Filter>
    </ClInclude>
    <ClInclude Include="..\Public\Baricade.h">
      <Filter>02.GameObject\Baricade</Filter>
    </ClInclude>
    <ClInclude Include="..\Public\Camera_Stage.h">
      <Filter>02.GameObject\01. Camera\Camera_Stage</Filter>
    </ClInclude>
    <ClInclude Include="..\Public\Stage.h">
      <Filter>02.GameObject\StageObject</Filter>
    </ClInclude>
    <ClInclude Include="..\Public\State_Student_Ex.h">
      <Filter>04. State\Student\EX</Filter>
    </ClInclude>
    <ClInclude Include="..\Public\State_Attack.h">
      <Filter>04. State\Attack</Filter>
    </ClInclude>
    <ClInclude Include="..\Public\UI_Combat_HpBar.h">
      <Filter>02.GameObject\03. UI\Combat\UI_Combat_HpBar</Filter>
    </ClInclude>
    <ClInclude Include="..\Public\State_Dead.h">
      <Filter>04. State\Dead</Filter>
    </ClInclude>
    <ClInclude Include="..\Public\CombatFormation.h">
      <Filter>02.GameObject\11. CombatFormation</Filter>
    </ClInclude>
    <ClInclude Include="..\Public\HpBar.h">
      <Filter>02.GameObject\10. HpBar</Filter>
    </ClInclude>
  </ItemGroup>
  <ItemGroup>
    <ClCompile Include="Client.cpp">
      <Filter>98.Default</Filter>
    </ClCompile>
    <ClCompile Include="stdafx.cpp">
      <Filter>98.Default</Filter>
    </ClCompile>
    <ClCompile Include="..\Private\MainApp.cpp">
      <Filter>00.MainApp</Filter>
    </ClCompile>
    <ClCompile Include="..\Private\Level_GamePlay.cpp">
      <Filter>01.Level\98. GamePlay</Filter>
    </ClCompile>
    <ClCompile Include="..\Private\Level_Loading.cpp">
      <Filter>01.Level\00. Loading</Filter>
    </ClCompile>
    <ClCompile Include="..\Private\Level_Logo.cpp">
      <Filter>01.Level\01. Logo</Filter>
    </ClCompile>
    <ClCompile Include="..\Private\Loader.cpp">
      <Filter>01.Level\00. Loading\Loader</Filter>
    </ClCompile>
    <ClCompile Include="..\private\BackGround.cpp">
      <Filter>02.GameObject\00. BackGround</Filter>
    </ClCompile>
    <ClCompile Include="..\Private\imgui.cpp">
      <Filter>96.Imgui\Imgui</Filter>
    </ClCompile>
    <ClCompile Include="..\Private\imgui_demo.cpp">
      <Filter>96.Imgui\Imgui</Filter>
    </ClCompile>
    <ClCompile Include="..\Private\imgui_draw.cpp">
      <Filter>96.Imgui\Imgui</Filter>
    </ClCompile>
    <ClCompile Include="..\Private\imgui_impl_dx11.cpp">
      <Filter>96.Imgui\Imgui</Filter>
    </ClCompile>
    <ClCompile Include="..\Private\imgui_impl_win32.cpp">
      <Filter>96.Imgui\Imgui</Filter>
    </ClCompile>
    <ClCompile Include="..\Private\imgui_tables.cpp">
      <Filter>96.Imgui\Imgui</Filter>
    </ClCompile>
    <ClCompile Include="..\Private\ImguiMgr.cpp">
      <Filter>96.Imgui\ImguiMgr</Filter>
    </ClCompile>
    <ClCompile Include="..\Private\imgui_widgets.cpp">
      <Filter>96.Imgui\Imgui</Filter>
    </ClCompile>
    <ClCompile Include="..\Private\TestObject_Test.cpp">
      <Filter>02.GameObject\99. TestObject</Filter>
    </ClCompile>
    <ClCompile Include="..\Private\Transform_Utils.cpp">
      <Filter>97.Utils</Filter>
    </ClCompile>
    <ClCompile Include="..\Private\Terrain.cpp">
      <Filter>02.GameObject\02. Terrain</Filter>
    </ClCompile>
    <ClCompile Include="..\Private\Camera_Free.cpp">
      <Filter>02.GameObject\01. Camera</Filter>
    </ClCompile>
    <ClCompile Include="..\Private\UI_TestDialog.cpp">
      <Filter>02.GameObject\03. UI\01. Dialog</Filter>
    </ClCompile>
    <ClCompile Include="..\Private\UI_TestDialogButton.cpp">
      <Filter>02.GameObject\03. UI\01. Dialog\DialogButton</Filter>
    </ClCompile>
    <ClCompile Include="..\Private\Level_MapTool.cpp">
      <Filter>01.Level\99. MapTool</Filter>
    </ClCompile>
    <ClCompile Include="..\Private\TestObject_Model_Haruka.cpp">
      <Filter>02.GameObject\99. TestObject\Model\Haruka</Filter>
    </ClCompile>
    <ClCompile Include="..\Private\MapProp.cpp">
      <Filter>02.GameObject\04. Prop</Filter>
    </ClCompile>
    <ClCompile Include="..\Private\StateBase.cpp">
      <Filter>04. State</Filter>
    </ClCompile>
    <ClCompile Include="..\Private\StateMachineBase.cpp">
      <Filter>04. State\StateMachine</Filter>
    </ClCompile>
    <ClCompile Include="..\Private\Student.cpp">
      <Filter>02.GameObject\05. Actor\Student</Filter>
    </ClCompile>
    <ClCompile Include="..\Private\Sky.cpp">
      <Filter>05.Sky</Filter>
    </ClCompile>
    <ClCompile Include="..\Private\Camera_Event.cpp">
      <Filter>02.GameObject\01. Camera\Camera_Event</Filter>
    </ClCompile>
    <ClCompile Include="..\Private\State_Student_Formation_Idle.cpp">
      <Filter>04. State\Student\Formation</Filter>
    </ClCompile>
    <ClCompile Include="..\Private\Level_Formation.cpp">
      <Filter>01.Level\06. Formation</Filter>
    </ClCompile>
    <ClCompile Include="..\Private\Camera_Formation.cpp">
      <Filter>02.GameObject\01. Camera\Camera_Formation</Filter>
    </ClCompile>
    <ClCompile Include="..\Private\State_Student_Formation_Pickup.cpp">
      <Filter>04. State\Student\Formation</Filter>
    </ClCompile>
    <ClCompile Include="..\Private\Json_Utility.cpp">
      <Filter>97.Utils\Json</Filter>
    </ClCompile>
    <ClCompile Include="..\Private\UI_LevelMoveButton.cpp">
      <Filter>02.GameObject\03. UI\02. UI_Button\01. LevelMoveButton</Filter>
    </ClCompile>
    <ClCompile Include="..\Private\Level_Lobby.cpp">
      <Filter>01.Level\02. Lobby</Filter>
    </ClCompile>
    <ClCompile Include="..\Private\UserData.cpp">
      <Filter>06. User</Filter>
    </ClCompile>
    <ClCompile Include="..\Private\State_Student_Default.cpp">
      <Filter>04. State\DefaultState</Filter>
    </ClCompile>
    <ClCompile Include="..\Private\UI_Text.cpp">
      <Filter>02.GameObject\03. UI\03. UI_Text</Filter>
    </ClCompile>
    <ClCompile Include="..\Private\Level_Cafe.cpp">
      <Filter>01.Level\03. Cafe</Filter>
    </ClCompile>
    <ClCompile Include="..\Private\Level_Schedule.cpp">
      <Filter>01.Level\04. Schedule</Filter>
    </ClCompile>
    <ClCompile Include="..\Private\Level_Students.cpp">
      <Filter>01.Level\05. Students</Filter>
    </ClCompile>
    <ClCompile Include="..\Private\Level_Circle.cpp">
      <Filter>01.Level\07. Circle</Filter>
    </ClCompile>
    <ClCompile Include="..\Private\Level_Manufacture.cpp">
      <Filter>01.Level\08. Manufacture</Filter>
    </ClCompile>
    <ClCompile Include="..\Private\Level_Shop.cpp">
      <Filter>01.Level\09. Shop</Filter>
    </ClCompile>
    <ClCompile Include="..\Private\Level_Work.cpp">
      <Filter>01.Level\11. Work</Filter>
    </ClCompile>
    <ClCompile Include="..\Private\Level_Gacha.cpp">
      <Filter>01.Level\10. Gacha</Filter>
    </ClCompile>
    <ClCompile Include="..\Private\Memorial_Haruka_Start.cpp">
      <Filter>02.GameObject\08. MemorialLobby\01. Haruka</Filter>
    </ClCompile>
    <ClCompile Include="..\Private\Memorial_Haruka_Idle.cpp">
      <Filter>02.GameObject\08. MemorialLobby\01. Haruka</Filter>
    </ClCompile>
    <ClCompile Include="..\Private\Level_Loading_Start.cpp">
      <Filter>01.Level\00. Loading</Filter>
    </ClCompile>
    <ClCompile Include="..\Private\Loader_Start.cpp">
      <Filter>01.Level\00. Loading\Loader</Filter>
    </ClCompile>
    <ClCompile Include="..\Private\Start_illust.cpp">
      <Filter>02.GameObject\09. Start_illust</Filter>
    </ClCompile>
    <ClCompile Include="..\Private\Actor.cpp">
      <Filter>02.GameObject\05. Actor</Filter>
    </ClCompile>
    <ClCompile Include="..\Private\Camera_Stage.cpp">
      <Filter>02.GameObject\01. Camera</Filter>
    </ClCompile>
    <ClCompile Include="..\Private\State_Student_Ex.cpp">
      <Filter>04. State\Student\EX</Filter>
    </ClCompile>
    <ClCompile Include="..\Private\Stage.cpp">
      <Filter>02.GameObject</Filter>
    </ClCompile>
    <ClCompile Include="..\Private\Enemy.cpp">
      <Filter>02.GameObject\05. Actor\Enemy</Filter>
    </ClCompile>
    <ClCompile Include="..\Private\State_Idle.cpp">
      <Filter>04. State\Idle</Filter>
    </ClCompile>
    <ClCompile Include="..\Private\State_Run.cpp">
      <Filter>04. State\Run</Filter>
    </ClCompile>
    <ClCompile Include="..\Private\Baricade.cpp">
      <Filter>02.GameObject\12. Baricade</Filter>
    </ClCompile>
    <ClCompile Include="..\Private\UI_Progress.cpp">
      <Filter>02.GameObject\03. UI\04.Progress</Filter>
    </ClCompile>
    <ClCompile Include="..\Private\State_Student_Run.cpp">
      <Filter>04. State\Student\Run</Filter>
    </ClCompile>
    <ClCompile Include="..\Private\State_Student_Jump.cpp">
      <Filter>04. State\Student\Jump</Filter>
    </ClCompile>
    <ClCompile Include="..\Private\Actor.cpp">
      <Filter>02.GameObject\05. Actor</Filter>
    </ClCompile>
    <ClCompile Include="..\Private\Baricade.cpp">
      <Filter>02.GameObject\Baricade</Filter>
    </ClCompile>
    <ClCompile Include="..\Private\Camera_Stage.cpp">
      <Filter>02.GameObject\01. Camera\Camera_Stage</Filter>
    </ClCompile>
    <ClCompile Include="..\Private\Stage.cpp">
      <Filter>02.GameObject\StageObject</Filter>
    </ClCompile>
    <ClCompile Include="..\Private\State_Student_Ex.cpp">
      <Filter>04. State\Student\EX</Filter>
    </ClCompile>
    <ClCompile Include="..\Private\State_Attack.cpp">
      <Filter>04. State\Attack</Filter>
    </ClCompile>
    <ClCompile Include="..\Private\UI_Combat_HpBar.cpp">
      <Filter>02.GameObject\03. UI\Combat\UI_Combat_HpBar</Filter>
    </ClCompile>
    <ClCompile Include="..\Private\State_Dead.cpp">
      <Filter>04. State\Dead</Filter>
    </ClCompile>
    <ClCompile Include="..\Private\CombatFormation.cpp">
      <Filter>02.GameObject\11. CombatFormation</Filter>
    </ClCompile>
    <ClCompile Include="..\Private\HpBar.cpp">
      <Filter>02.GameObject\10. HpBar</Filter>
    </ClCompile>
  </ItemGroup>
  <ItemGroup>
    <Image Include="Client.ico">
      <Filter>98.Default</Filter>
    </Image>
    <Image Include="small.ico">
      <Filter>98.Default</Filter>
    </Image>
  </ItemGroup>
  <ItemGroup>
    <Filter Include="00.MainApp">
      <UniqueIdentifier>{d893f375-d010-4a8a-bdbc-7084075a09cb}</UniqueIdentifier>
    </Filter>
    <Filter Include="99.Defines">
      <UniqueIdentifier>{ca7671a3-fda7-41c0-8070-09afde17063e}</UniqueIdentifier>
    </Filter>
    <Filter Include="98.Default">
      <UniqueIdentifier>{65376df2-2a03-48c0-b9a4-e1bcd404fb50}</UniqueIdentifier>
    </Filter>
    <Filter Include="01.Level">
      <UniqueIdentifier>{21371941-8fc0-43d9-b47a-6f347c9fae61}</UniqueIdentifier>
    </Filter>
    <Filter Include="02.GameObject">
      <UniqueIdentifier>{57f74c26-08d1-4431-861b-7a6105d37c3f}</UniqueIdentifier>
    </Filter>
    <Filter Include="03.ShaderFiles">
      <UniqueIdentifier>{d3a98933-0c07-4640-bc38-9a0b4f9abd9e}</UniqueIdentifier>
    </Filter>
    <Filter Include="97.Utils">
      <UniqueIdentifier>{9c4f0ab4-08f5-4de5-b7ff-d774b3e0b628}</UniqueIdentifier>
    </Filter>
    <Filter Include="97.Utils\Transform">
      <UniqueIdentifier>{e5b731a0-0915-4e43-bd4b-26c6abb5df06}</UniqueIdentifier>
    </Filter>
    <Filter Include="96.Imgui">
      <UniqueIdentifier>{fe57be3b-e3ed-4d21-a476-8a7c10f52e70}</UniqueIdentifier>
    </Filter>
    <Filter Include="96.Imgui\Imgui">
      <UniqueIdentifier>{0334be76-ee99-4c67-bba2-c5cd15a08873}</UniqueIdentifier>
    </Filter>
    <Filter Include="96.Imgui\ImguiMgr">
      <UniqueIdentifier>{4f667c70-39ac-465b-972c-383f789b3b76}</UniqueIdentifier>
    </Filter>
    <Filter Include="02.GameObject\00. BackGround">
      <UniqueIdentifier>{c829d861-a14a-4627-a9ce-aa73e649e01e}</UniqueIdentifier>
    </Filter>
    <Filter Include="02.GameObject\01. Camera">
      <UniqueIdentifier>{bc09692a-cf30-483f-b2c5-106cf1ce0bbe}</UniqueIdentifier>
    </Filter>
    <Filter Include="02.GameObject\02. Terrain">
      <UniqueIdentifier>{da236dcb-b5e6-4bb7-a979-485518c32bc1}</UniqueIdentifier>
    </Filter>
    <Filter Include="02.GameObject\03. UI">
      <UniqueIdentifier>{5bcd9f84-c21f-4124-8287-b64fef09c7d1}</UniqueIdentifier>
    </Filter>
    <Filter Include="02.GameObject\99. TestObject">
      <UniqueIdentifier>{1c1350ca-0e2e-48f1-bf52-2c9abd2d3196}</UniqueIdentifier>
    </Filter>
    <Filter Include="02.GameObject\99. TestObject\Model">
      <UniqueIdentifier>{25106941-afe2-47bd-a100-d385482503e1}</UniqueIdentifier>
    </Filter>
    <Filter Include="02.GameObject\99. TestObject\Model\Haruka">
      <UniqueIdentifier>{bcfbb7fc-83d3-43a3-9ace-c9ec77b65370}</UniqueIdentifier>
    </Filter>
    <Filter Include="02.GameObject\04. Prop">
      <UniqueIdentifier>{d7d78f4e-78fa-47de-96f8-99588e694d19}</UniqueIdentifier>
    </Filter>
    <Filter Include="04. State">
      <UniqueIdentifier>{603fc8a7-59b9-4d6b-b25c-01fc406e38fa}</UniqueIdentifier>
    </Filter>
    <Filter Include="05.Sky">
      <UniqueIdentifier>{06cd8182-810e-41a9-ba1d-2f9fe59c9685}</UniqueIdentifier>
    </Filter>
    <Filter Include="02.GameObject\99. TestObject\Plane">
      <UniqueIdentifier>{89280b89-4dda-4350-b9ec-e15cef8bc86c}</UniqueIdentifier>
    </Filter>
    <Filter Include="02.GameObject\01. Camera\Camera_Event">
      <UniqueIdentifier>{301e37c4-57ad-4f28-b739-944eff4800de}</UniqueIdentifier>
    </Filter>
    <Filter Include="04. State\StateMachine">
      <UniqueIdentifier>{96baef81-a398-4d31-980a-e611d7c7556d}</UniqueIdentifier>
    </Filter>
    <Filter Include="02.GameObject\01. Camera\Camera_Formation">
      <UniqueIdentifier>{0e8f6928-0fec-4546-a13a-9183d73e939f}</UniqueIdentifier>
    </Filter>
    <Filter Include="97.Utils\Json">
      <UniqueIdentifier>{737d59a8-2a02-4cb6-82bd-95ea4f7bb4ff}</UniqueIdentifier>
    </Filter>
    <Filter Include="02.GameObject\03. UI\01. Dialog">
      <UniqueIdentifier>{709ff15d-adc9-42a0-8e7b-b8af11ca850f}</UniqueIdentifier>
    </Filter>
    <Filter Include="02.GameObject\03. UI\01. Dialog\DialogButton">
      <UniqueIdentifier>{c10e9d8b-a1b7-4e0d-8c83-e35e276fdf7f}</UniqueIdentifier>
    </Filter>
    <Filter Include="02.GameObject\03. UI\02. UI_Button">
      <UniqueIdentifier>{e1962fba-2507-46dc-bc42-faa77fcb7fc3}</UniqueIdentifier>
    </Filter>
    <Filter Include="02.GameObject\03. UI\02. UI_Button\01. LevelMoveButton">
      <UniqueIdentifier>{115c9f2b-a1c1-45b1-85ab-8903c95813a3}</UniqueIdentifier>
    </Filter>
    <Filter Include="06. User">
      <UniqueIdentifier>{452e91d5-a4d2-4a41-a5d4-a4a4c0cd6679}</UniqueIdentifier>
    </Filter>
    <Filter Include="01.Level\00. Loading">
      <UniqueIdentifier>{807441ba-e54d-4b86-960a-e96a8505241f}</UniqueIdentifier>
    </Filter>
    <Filter Include="01.Level\00. Loading\Loader">
      <UniqueIdentifier>{33e1de52-700d-4cac-9e56-af962b2b6268}</UniqueIdentifier>
    </Filter>
    <Filter Include="01.Level\01. Logo">
      <UniqueIdentifier>{289b4d09-7c95-466b-9f74-173b2e22e40e}</UniqueIdentifier>
    </Filter>
    <Filter Include="01.Level\02. Lobby">
      <UniqueIdentifier>{b9c2b90b-ba80-4621-b4f6-fdffb5e71fd1}</UniqueIdentifier>
    </Filter>
    <Filter Include="02.GameObject\03. UI\03. UI_Text">
      <UniqueIdentifier>{b15bf238-2e5d-4183-89a0-9422f902af02}</UniqueIdentifier>
    </Filter>
    <Filter Include="01.Level\06. Formation">
      <UniqueIdentifier>{fcf1538e-17e9-4145-8d55-3d703fe54e30}</UniqueIdentifier>
    </Filter>
    <Filter Include="01.Level\99. MapTool">
      <UniqueIdentifier>{a67c9f66-02ae-4f1b-9476-9f476b9bfa9f}</UniqueIdentifier>
    </Filter>
    <Filter Include="01.Level\98. GamePlay">
      <UniqueIdentifier>{2c0cd078-e1ec-4276-a003-e7ec4d0edcf0}</UniqueIdentifier>
    </Filter>
    <Filter Include="01.Level\03. Cafe">
      <UniqueIdentifier>{7bd57da4-ea52-437a-8cdd-f4a36c89abe5}</UniqueIdentifier>
    </Filter>
    <Filter Include="01.Level\04. Schedule">
      <UniqueIdentifier>{4b78b086-667c-4da2-b003-9fdeb3c2e522}</UniqueIdentifier>
    </Filter>
    <Filter Include="01.Level\05. Students">
      <UniqueIdentifier>{644a30cf-77da-46e3-866e-a5d788a0128b}</UniqueIdentifier>
    </Filter>
    <Filter Include="01.Level\07. Circle">
      <UniqueIdentifier>{2a8ba99a-d065-43ec-a740-346ff415444f}</UniqueIdentifier>
    </Filter>
    <Filter Include="01.Level\08. Manufacture">
      <UniqueIdentifier>{7255ccde-a391-474c-bd1e-84f58738e6da}</UniqueIdentifier>
    </Filter>
    <Filter Include="01.Level\09. Shop">
      <UniqueIdentifier>{acc4c1b8-bdfd-4907-a715-6c87cc878731}</UniqueIdentifier>
    </Filter>
    <Filter Include="01.Level\11. Work">
      <UniqueIdentifier>{6e4d3c8e-5003-46a3-871d-c2cd4c35ddad}</UniqueIdentifier>
    </Filter>
    <Filter Include="01.Level\10. Gacha">
      <UniqueIdentifier>{7b269222-f733-4c50-b657-6a7340654e47}</UniqueIdentifier>
    </Filter>
    <Filter Include="02.GameObject\05. Actor">
      <UniqueIdentifier>{52440e42-5d7e-4516-bb6e-3b60a4fa5312}</UniqueIdentifier>
    </Filter>
    <Filter Include="02.GameObject\05. Actor\Student">
      <UniqueIdentifier>{a5477715-8bc1-4140-a022-797e60da67ef}</UniqueIdentifier>
    </Filter>
    <Filter Include="04. State\Student">
      <UniqueIdentifier>{3f7fdb12-5682-4400-adc8-83a39af198fb}</UniqueIdentifier>
    </Filter>
    <Filter Include="04. State\Student\EX">
      <UniqueIdentifier>{875e45d5-88d5-4fb4-849d-c664f68e41da}</UniqueIdentifier>
    </Filter>
    <Filter Include="04. State\Student\CallSign">
      <UniqueIdentifier>{276d26cf-8b53-4732-b947-eff88e76dbfe}</UniqueIdentifier>
    </Filter>
    <Filter Include="04. State\Student\Formation">
      <UniqueIdentifier>{68ed6730-4b2b-4804-8881-e85dcb6d0a74}</UniqueIdentifier>
    </Filter>
    <Filter Include="02.GameObject\05. Actor\Enemy">
      <UniqueIdentifier>{605e9e2d-e476-4357-81c0-4a0caadb0590}</UniqueIdentifier>
    </Filter>
    <Filter Include="04. State\Enemy">
      <UniqueIdentifier>{05ae3ee2-51bb-42cb-8c08-7db25598d0a3}</UniqueIdentifier>
    </Filter>
    <Filter Include="04. State\DefaultState">
      <UniqueIdentifier>{d7694f8d-13d4-4c4e-a667-d40b81b8f466}</UniqueIdentifier>
    </Filter>
    <Filter Include="04. State\Run">
      <UniqueIdentifier>{e8beed87-7a6f-44d2-9eb3-201c7da6035e}</UniqueIdentifier>
    </Filter>
    <Filter Include="04. State\Idle">
      <UniqueIdentifier>{7604fe63-d291-4b4a-8da4-9e6621296a6f}</UniqueIdentifier>
    </Filter>
    <Filter Include="02.GameObject\03. UI\04.Progress">
      <UniqueIdentifier>{b63d5817-442b-4656-823c-5a73df864c37}</UniqueIdentifier>
    </Filter>
    <Filter Include="04. State\Student\Run">
      <UniqueIdentifier>{73ac411a-4a54-42b5-91db-ebcbc61a91e1}</UniqueIdentifier>
    </Filter>
    <Filter Include="04. State\Student\Jump">
      <UniqueIdentifier>{0e9a2e6e-ff83-4808-9cc1-9b4a128b3869}</UniqueIdentifier>
    </Filter>
    <Filter Include="02.GameObject\08. MemorialLobby">
      <UniqueIdentifier>{5080211f-8791-4c31-be55-de81e11ed3d5}</UniqueIdentifier>
    </Filter>
    <Filter Include="02.GameObject\08. MemorialLobby\01. Haruka">
      <UniqueIdentifier>{8d9256f0-ac6f-482c-9ed7-bd5b86aa1daa}</UniqueIdentifier>
    </Filter>
    <Filter Include="02.GameObject\09. Start_illust">
      <UniqueIdentifier>{96513a60-8552-46f7-961f-69de45569c92}</UniqueIdentifier>
    </Filter>
    <Filter Include="02.GameObject\01. Camera\Camera_Stage">
      <UniqueIdentifier>{fc75dff2-9763-4e85-aba0-8d15cfdefca5}</UniqueIdentifier>
    </Filter>
    <Filter Include="02.GameObject\StageObject">
      <UniqueIdentifier>{ac9405f1-1c23-4c95-8d50-40fa1a6a54ee}</UniqueIdentifier>
    </Filter>
    <Filter Include="04. State\Attack">
      <UniqueIdentifier>{06561c3b-6514-4c2f-8545-192d189df07d}</UniqueIdentifier>
    </Filter>
    <Filter Include="02.GameObject\03. UI\Combat">
      <UniqueIdentifier>{0def0860-9fa9-4b15-b842-532d52ee9801}</UniqueIdentifier>
    </Filter>
    <Filter Include="02.GameObject\03. UI\Combat\UI_Combat_HpBar">
      <UniqueIdentifier>{e88a5751-90ea-4f64-ac8c-4cd229e88e29}</UniqueIdentifier>
    </Filter>
    <Filter Include="04. State\Dead">
      <UniqueIdentifier>{a8595b4b-7de0-4c23-a808-f979d57129b5}</UniqueIdentifier>
    </Filter>
    <Filter Include="02.GameObject\11. CombatFormation">
      <UniqueIdentifier>{0a67f2fd-281d-4ae3-ba7c-473e2829964b}</UniqueIdentifier>
    </Filter>
    <Filter Include="02.GameObject\12. Baricade">
      <UniqueIdentifier>{8ba48e91-f70a-442e-b6d4-5e8eea9c7cd9}</UniqueIdentifier>
    </Filter>
    <Filter Include="02.GameObject\10. HpBar">
      <UniqueIdentifier>{d1afeeb2-07dd-4f4b-8ae0-35ab0d0a0eaa}</UniqueIdentifier>
    </Filter>
  </ItemGroup>
  <ItemGroup>
    <ResourceCompile Include="Client.rc">
      <Filter>98.Default</Filter>
    </ResourceCompile>
  </ItemGroup>
  <ItemGroup>
    <Text Include="ReadMe.txt">
      <Filter>98.Default</Filter>
    </Text>
  </ItemGroup>
  <ItemGroup>
    <FxCompile Include="..\..\ShaderFiles\Shader_VtxCubeTex.hlsl">
      <Filter>03.ShaderFiles</Filter>
    </FxCompile>
    <FxCompile Include="..\..\ShaderFiles\Shader_VtxModel.hlsl">
      <Filter>03.ShaderFiles</Filter>
    </FxCompile>
    <FxCompile Include="..\..\ShaderFiles\Shader_VtxNorTex.hlsl">
      <Filter>03.ShaderFiles</Filter>
    </FxCompile>
    <FxCompile Include="..\..\ShaderFiles\Shader_VtxTex.hlsl">
      <Filter>03.ShaderFiles</Filter>
    </FxCompile>
    <FxCompile Include="..\..\ShaderFiles\Shader_VtxAnimModel.hlsl">
      <Filter>03.ShaderFiles</Filter>
    </FxCompile>
    <FxCompile Include="..\..\ShaderFiles\Shader_VtxPointInstance.hlsl">
      <Filter>03.ShaderFiles</Filter>
    </FxCompile>
    <FxCompile Include="..\..\ShaderFiles\Shader_Cell.hlsl">
      <Filter>03.ShaderFiles</Filter>
    </FxCompile>
    <FxCompile Include="..\..\ShaderFiles\Shader_Deferred.hlsl">
      <Filter>03.ShaderFiles</Filter>
    </FxCompile>
    <FxCompile Include="..\..\ShaderFiles\Shader_VtxInstance.hlsl">
      <Filter>03.ShaderFiles</Filter>
    </FxCompile>
    <FxCompile Include="..\..\ShaderFiles\Shader_Cell.hlsl">
      <Filter>03.ShaderFiles</Filter>
    </FxCompile>
    <FxCompile Include="..\..\ShaderFiles\Shader_Deferred.hlsl">
      <Filter>03.ShaderFiles</Filter>
    </FxCompile>
    <FxCompile Include="..\..\ShaderFiles\Shader_VtxInstance.hlsl">
      <Filter>03.ShaderFiles</Filter>
    </FxCompile>
    <FxCompile Include="..\..\ShaderFiles\Shader_VtxPointInstance.hlsl">
      <Filter>03.ShaderFiles</Filter>
    </FxCompile>
    <FxCompile Include="..\..\ShaderFiles\Shader_PointToProgress.hlsl">
      <Filter>03.ShaderFiles</Filter>
    </FxCompile>
    <FxCompile Include="..\..\ShaderFiles\Shader_VtxHpBar.hlsl">
      <Filter>03.ShaderFiles</Filter>
    </FxCompile>
  </ItemGroup>
</Project>